
Microsoft Visual Studio Solution File, Format Version 12.00
# Visual Studio Version 16
VisualStudioVersion = 16.0.33423.256
MinimumVisualStudioVersion = 10.0.40219.1
Project("{8BC9CEB8-8B4A-11D0-8D11-00A0C91BC942}") = "Game_3DBeta", "Game_3DBeta.vcxproj", "{A53F9496-EF7E-4C57-8892-04A1E7E85092}"
EndProject
Global
	GlobalSection(SolutionConfigurationPlatforms) = preSolution
		Debug|x64 = Debug|x64
		Debug|x86 = Debug|x86
		Release|x64 = Release|x64
		Release|x86 = Release|x86
	EndGlobalSection
	GlobalSection(ProjectConfigurationPlatforms) = postSolution
		{A53F9496-EF7E-4C57-8892-04A1E7E85092}.Debug|x64.ActiveCfg = Debug|x64
		{A53F9496-EF7E-4C57-8892-04A1E7E85092}.Debug|x64.Build.0 = Debug|x64
		{A53F9496-EF7E-4C57-8892-04A1E7E85092}.Debug|x86.ActiveCfg = Debug|Win32
		{A53F9496-EF7E-4C57-8892-04A1E7E85092}.Debug|x86.Build.0 = Debug|Win32
		{A53F9496-EF7E-4C57-8892-04A1E7E85092}.Release|x64.ActiveCfg = Release|x64
		{A53F9496-EF7E-4C57-8892-04A1E7E85092}.Release|x64.Build.0 = Release|x64
		{A53F9496-EF7E-4C57-8892-04A1E7E85092}.Release|x86.ActiveCfg = Release|Win32
		{A53F9496-EF7E-4C57-8892-04A1E7E85092}.Release|x86.Build.0 = Release|Win32
	EndGlobalSection
	GlobalSection(SolutionProperties) = preSolution
		HideSolutionNode = FALSE
	EndGlobalSection
	GlobalSection(ExtensibilityGlobals) = postSolution
		SolutionGuid = {6451BEBC-541E-4F53-AEC7-3A0A3A107D64}
	EndGlobalSection
EndGlobal
